
Microsoft Visual Studio Solution File, Format Version 12.00
# Visual Studio Version 16
VisualStudioVersion = 25.0.1706.8
MinimumVisualStudioVersion = 10.0.40219.1
Project("{FAE04EC0-301F-11D3-BF4B-00C04F79EFBC}") = "ClassLibrary", "ClassLibrary\ClassLibrary.csproj", "{0838D428-5ADB-43CF-9FFB-328ED397CE78}"
EndProject
Project("{FAE04EC0-301F-11D3-BF4B-00C04F79EFBC}") = "ConsoleApp", "ConsoleApp\ConsoleApp.csproj", "{80980538-C990-4525-AEE6-6DD760D709A5}"
EndProject
Global
	GlobalSection(SolutionConfigurationPlatforms) = preSolution
		Debug|Any CPU = Debug|Any CPU
		Release|Any CPU = Release|Any CPU
	EndGlobalSection
	GlobalSection(ProjectConfigurationPlatforms) = postSolution
		{0838D428-5ADB-43CF-9FFB-328ED397CE78}.Debug|Any CPU.ActiveCfg = Debug|Any CPU
		{0838D428-5ADB-43CF-9FFB-328ED397CE78}.Debug|Any CPU.Build.0 = Debug|Any CPU
		{0838D428-5ADB-43CF-9FFB-328ED397CE78}.Release|Any CPU.ActiveCfg = Release|Any CPU
		{0838D428-5ADB-43CF-9FFB-328ED397CE78}.Release|Any CPU.Build.0 = Release|Any CPU
		{80980538-C990-4525-AEE6-6DD760D709A5}.Debug|Any CPU.ActiveCfg = Debug|Any CPU
		{80980538-C990-4525-AEE6-6DD760D709A5}.Debug|Any CPU.Build.0 = Debug|Any CPU
		{80980538-C990-4525-AEE6-6DD760D709A5}.Release|Any CPU.ActiveCfg = Release|Any CPU
		{80980538-C990-4525-AEE6-6DD760D709A5}.Release|Any CPU.Build.0 = Release|Any CPU
	EndGlobalSection
	GlobalSection(SolutionProperties) = preSolution
		HideSolutionNode = FALSE
	EndGlobalSection
	GlobalSection(ExtensibilityGlobals) = postSolution
		SolutionGuid = {913555F1-AFD9-4D6B-A893-9D97B920F390}
	EndGlobalSection
EndGlobal
